// !$*UTF8*$!
{
	archiveVersion = 1;
	classes = {
	};
	objectVersion = 46;
	objects = {

/* Begin PBXBuildFile section */
		06DC7E0F1E4C157300DE3E0A /* main.m in Sources */ = {isa = PBXBuildFile; fileRef = 06DC7E0E1E4C157300DE3E0A /* main.m */; };
		06DC7E121E4C157300DE3E0A /* AppDelegate.m in Sources */ = {isa = PBXBuildFile; fileRef = 06DC7E111E4C157300DE3E0A /* AppDelegate.m */; };
		06DC7E151E4C157300DE3E0A /* ViewController.m in Sources */ = {isa = PBXBuildFile; fileRef = 06DC7E141E4C157300DE3E0A /* ViewController.m */; };
		06DC7E181E4C157300DE3E0A /* Main.storyboard in Resources */ = {isa = PBXBuildFile; fileRef = 06DC7E161E4C157300DE3E0A /* Main.storyboard */; };
		06DC7E1A1E4C157300DE3E0A /* Assets.xcassets in Resources */ = {isa = PBXBuildFile; fileRef = 06DC7E191E4C157300DE3E0A /* Assets.xcassets */; };
		06DC7E1D1E4C157300DE3E0A /* LaunchScreen.storyboard in Resources */ = {isa = PBXBuildFile; fileRef = 06DC7E1B1E4C157300DE3E0A /* LaunchScreen.storyboard */; };
		06DC7E281E4C157300DE3E0A /* testJSPatchTests.m in Sources */ = {isa = PBXBuildFile; fileRef = 06DC7E271E4C157300DE3E0A /* testJSPatchTests.m */; };
		06DC7E331E4C157300DE3E0A /* testJSPatchUITests.m in Sources */ = {isa = PBXBuildFile; fileRef = 06DC7E321E4C157300DE3E0A /* testJSPatchUITests.m */; };
		06DC7E421E4C69C400DE3E0A /* NextViewController.m in Sources */ = {isa = PBXBuildFile; fileRef = 06DC7E411E4C69C400DE3E0A /* NextViewController.m */; };
/* End PBXBuildFile section */

/* Begin PBXContainerItemProxy section */
		06DC7E241E4C157300DE3E0A /* PBXContainerItemProxy */ = {
			isa = PBXContainerItemProxy;
			containerPortal = 06DC7E021E4C157300DE3E0A /* Project object */;
			proxyType = 1;
			remoteGlobalIDString = 06DC7E091E4C157300DE3E0A;
			remoteInfo = testJSPatch;
		};
		06DC7E2F1E4C157300DE3E0A /* PBXContainerItemProxy */ = {
			isa = PBXContainerItemProxy;
			containerPortal = 06DC7E021E4C157300DE3E0A /* Project object */;
			proxyType = 1;
			remoteGlobalIDString = 06DC7E091E4C157300DE3E0A;
			remoteInfo = testJSPatch;
		};
/* End PBXContainerItemProxy section */

/* Begin PBXFileReference section */
		06DC7E0A1E4C157300DE3E0A /* testJSPatch.app */ = {isa = PBXFileReference; explicitFileType = wrapper.application; includeInIndex = 0; path = testJSPatch.app; sourceTree = BUILT_PRODUCTS_DIR; };
		06DC7E0E1E4C157300DE3E0A /* main.m */ = {isa = PBXFileReference; lastKnownFileType = sourcecode.c.objc; path = main.m; sourceTree = "<group>"; };
		06DC7E101E4C157300DE3E0A /* AppDelegate.h */ = {isa = PBXFileReference; lastKnownFileType = sourcecode.c.h; path = AppDelegate.h; sourceTree = "<group>"; };
		06DC7E111E4C157300DE3E0A /* AppDelegate.m */ = {isa = PBXFileReference; lastKnownFileType = sourcecode.c.objc; path = AppDelegate.m; sourceTree = "<group>"; };
		06DC7E131E4C157300DE3E0A /* ViewController.h */ = {isa = PBXFileReference; lastKnownFileType = sourcecode.c.h; path = ViewController.h; sourceTree = "<group>"; };
		06DC7E141E4C157300DE3E0A /* ViewController.m */ = {isa = PBXFileReference; lastKnownFileType = sourcecode.c.objc; path = ViewController.m; sourceTree = "<group>"; };
		06DC7E171E4C157300DE3E0A /* Base */ = {isa = PBXFileReference; lastKnownFileType = file.storyboard; name = Base; path = Base.lproj/Main.storyboard; sourceTree = "<group>"; };
		06DC7E191E4C157300DE3E0A /* Assets.xcassets */ = {isa = PBXFileReference; lastKnownFileType = folder.assetcatalog; path = Assets.xcassets; sourceTree = "<group>"; };
		06DC7E1C1E4C157300DE3E0A /* Base */ = {isa = PBXFileReference; lastKnownFileType = file.storyboard; name = Base; path = Base.lproj/LaunchScreen.storyboard; sourceTree = "<group>"; };
		06DC7E1E1E4C157300DE3E0A /* Info.plist */ = {isa = PBXFileReference; lastKnownFileType = text.plist.xml; path = Info.plist; sourceTree = "<group>"; };
		06DC7E231E4C157300DE3E0A /* testJSPatchTests.xctest */ = {isa = PBXFileReference; explicitFileType = wrapper.cfbundle; includeInIndex = 0; path = testJSPatchTests.xctest; sourceTree = BUILT_PRODUCTS_DIR; };
		06DC7E271E4C157300DE3E0A /* testJSPatchTests.m */ = {isa = PBXFileReference; lastKnownFileType = sourcecode.c.objc; path = testJSPatchTests.m; sourceTree = "<group>"; };
		06DC7E291E4C157300DE3E0A /* Info.plist */ = {isa = PBXFileReference; lastKnownFileType = text.plist.xml; path = Info.plist; sourceTree = "<group>"; };
		06DC7E2E1E4C157300DE3E0A /* testJSPatchUITests.xctest */ = {isa = PBXFileReference; explicitFileType = wrapper.cfbundle; includeInIndex = 0; path = testJSPatchUITests.xctest; sourceTree = BUILT_PRODUCTS_DIR; };
		06DC7E321E4C157300DE3E0A /* testJSPatchUITests.m */ = {isa = PBXFileReference; lastKnownFileType = sourcecode.c.objc; path = testJSPatchUITests.m; sourceTree = "<group>"; };
		06DC7E341E4C157300DE3E0A /* Info.plist */ = {isa = PBXFileReference; lastKnownFileType = text.plist.xml; path = Info.plist; sourceTree = "<group>"; };
		06DC7E401E4C69C400DE3E0A /* NextViewController.h */ = {isa = PBXFileReference; fileEncoding = 4; lastKnownFileType = sourcecode.c.h; path = NextViewController.h; sourceTree = "<group>"; };
		06DC7E411E4C69C400DE3E0A /* NextViewController.m */ = {isa = PBXFileReference; fileEncoding = 4; lastKnownFileType = sourcecode.c.objc; path = NextViewController.m; sourceTree = "<group>"; };
/* End PBXFileReference section */

/* Begin PBXFrameworksBuildPhase section */
		06DC7E071E4C157300DE3E0A /* Frameworks */ = {
			isa = PBXFrameworksBuildPhase;
			buildActionMask = 2147483647;
			files = (
			);
			runOnlyForDeploymentPostprocessing = 0;
		};
		06DC7E201E4C157300DE3E0A /* Frameworks */ = {
			isa = PBXFrameworksBuildPhase;
			buildActionMask = 2147483647;
			files = (
			);
			runOnlyForDeploymentPostprocessing = 0;
		};
		06DC7E2B1E4C157300DE3E0A /* Frameworks */ = {
			isa = PBXFrameworksBuildPhase;
			buildActionMask = 2147483647;
			files = (
			);
			runOnlyForDeploymentPostprocessing = 0;
		};
/* End PBXFrameworksBuildPhase section */

/* Begin PBXGroup section */
		06DC7E011E4C157300DE3E0A = {
			isa = PBXGroup;
			children = (
				06DC7E0C1E4C157300DE3E0A /* testJSPatch */,
				06DC7E261E4C157300DE3E0A /* testJSPatchTests */,
				06DC7E311E4C157300DE3E0A /* testJSPatchUITests */,
				06DC7E0B1E4C157300DE3E0A /* Products */,
			);
			sourceTree = "<group>";
		};
		06DC7E0B1E4C157300DE3E0A /* Products */ = {
			isa = PBXGroup;
			children = (
				06DC7E0A1E4C157300DE3E0A /* testJSPatch.app */,
				06DC7E231E4C157300DE3E0A /* testJSPatchTests.xctest */,
				06DC7E2E1E4C157300DE3E0A /* testJSPatchUITests.xctest */,
			);
			name = Products;
			sourceTree = "<group>";
		};
		06DC7E0C1E4C157300DE3E0A /* testJSPatch */ = {
			isa = PBXGroup;
			children = (
				06DC7E101E4C157300DE3E0A /* AppDelegate.h */,
				06DC7E111E4C157300DE3E0A /* AppDelegate.m */,
				06DC7E131E4C157300DE3E0A /* ViewController.h */,
				06DC7E141E4C157300DE3E0A /* ViewController.m */,
				06DC7E161E4C157300DE3E0A /* Main.storyboard */,
				06DC7E191E4C157300DE3E0A /* Assets.xcassets */,
				06DC7E1B1E4C157300DE3E0A /* LaunchScreen.storyboard */,
				06DC7E1E1E4C157300DE3E0A /* Info.plist */,
				06DC7E0D1E4C157300DE3E0A /* Supporting Files */,
				06DC7E401E4C69C400DE3E0A /* NextViewController.h */,
				06DC7E411E4C69C400DE3E0A /* NextViewController.m */,
			);
			path = testJSPatch;
			sourceTree = "<group>";
		};
		06DC7E0D1E4C157300DE3E0A /* Supporting Files */ = {
			isa = PBXGroup;
			children = (
				06DC7E0E1E4C157300DE3E0A /* main.m */,
			);
			name = "Supporting Files";
			sourceTree = "<group>";
		};
		06DC7E261E4C157300DE3E0A /* testJSPatchTests */ = {
			isa = PBXGroup;
			children = (
				06DC7E271E4C157300DE3E0A /* testJSPatchTests.m */,
				06DC7E291E4C157300DE3E0A /* Info.plist */,
			);
			path = testJSPatchTests;
			sourceTree = "<group>";
		};
		06DC7E311E4C157300DE3E0A /* testJSPatchUITests */ = {
			isa = PBXGroup;
			children = (
				06DC7E321E4C157300DE3E0A /* testJSPatchUITests.m */,
				06DC7E341E4C157300DE3E0A /* Info.plist */,
			);
			path = testJSPatchUITests;
			sourceTree = "<group>";
		};
/* End PBXGroup section */

/* Begin PBXNativeTarget section */
		06DC7E091E4C157300DE3E0A /* testJSPatch */ = {
			isa = PBXNativeTarget;
			buildConfigurationList = 06DC7E371E4C157300DE3E0A /* Build configuration list for PBXNativeTarget "testJSPatch" */;
			buildPhases = (
				06DC7E061E4C157300DE3E0A /* Sources */,
				06DC7E071E4C157300DE3E0A /* Frameworks */,
				06DC7E081E4C157300DE3E0A /* Resources */,
			);
			buildRules = (
			);
			dependencies = (
			);
			name = testJSPatch;
			productName = testJSPatch;
			productReference = 06DC7E0A1E4C157300DE3E0A /* testJSPatch.app */;
			productType = "com.apple.product-type.application";
		};
		06DC7E221E4C157300DE3E0A /* testJSPatchTests */ = {
			isa = PBXNativeTarget;
			buildConfigurationList = 06DC7E3A1E4C157300DE3E0A /* Build configuration list for PBXNativeTarget "testJSPatchTests" */;
			buildPhases = (
				06DC7E1F1E4C157300DE3E0A /* Sources */,
				06DC7E201E4C157300DE3E0A /* Frameworks */,
				06DC7E211E4C157300DE3E0A /* Resources */,
			);
			buildRules = (
			);
			dependencies = (
				06DC7E251E4C157300DE3E0A /* PBXTargetDependency */,
			);
			name = testJSPatchTests;
			productName = testJSPatchTests;
			productReference = 06DC7E231E4C157300DE3E0A /* testJSPatchTests.xctest */;
			productType = "com.apple.product-type.bundle.unit-test";
		};
		06DC7E2D1E4C157300DE3E0A /* testJSPatchUITests */ = {
			isa = PBXNativeTarget;
			buildConfigurationList = 06DC7E3D1E4C157300DE3E0A /* Build configuration list for PBXNativeTarget "testJSPatchUITests" */;
			buildPhases = (
				06DC7E2A1E4C157300DE3E0A /* Sources */,
				06DC7E2B1E4C157300DE3E0A /* Frameworks */,
				06DC7E2C1E4C157300DE3E0A /* Resources */,
			);
			buildRules = (
			);
			dependencies = (
				06DC7E301E4C157300DE3E0A /* PBXTargetDependency */,
			);
			name = testJSPatchUITests;
			productName = testJSPatchUITests;
			productReference = 06DC7E2E1E4C157300DE3E0A /* testJSPatchUITests.xctest */;
			productType = "com.apple.product-type.bundle.ui-testing";
		};
/* End PBXNativeTarget section */

/* Begin PBXProject section */
		06DC7E021E4C157300DE3E0A /* Project object */ = {
			isa = PBXProject;
			attributes = {
				LastUpgradeCheck = 0820;
				ORGANIZATIONNAME = yuqiang;
				TargetAttributes = {
					06DC7E091E4C157300DE3E0A = {
						CreatedOnToolsVersion = 8.2;
						DevelopmentTeam = 6429YCE522;
						ProvisioningStyle = Automatic;
					};
					06DC7E221E4C157300DE3E0A = {
						CreatedOnToolsVersion = 8.2;
						DevelopmentTeam = 6429YCE522;
						ProvisioningStyle = Automatic;
						TestTargetID = 06DC7E091E4C157300DE3E0A;
					};
					06DC7E2D1E4C157300DE3E0A = {
						CreatedOnToolsVersion = 8.2;
						DevelopmentTeam = 6429YCE522;
						ProvisioningStyle = Automatic;
						TestTargetID = 06DC7E091E4C157300DE3E0A;
					};
				};
			};
			buildConfigurationList = 06DC7E051E4C157300DE3E0A /* Build configuration list for PBXProject "testJSPatch" */;
			compatibilityVersion = "Xcode 3.2";
			developmentRegion = English;
			hasScannedForEncodings = 0;
			knownRegions = (
				en,
				Base,
			);
			mainGroup = 06DC7E011E4C157300DE3E0A;
			productRefGroup = 06DC7E0B1E4C157300DE3E0A /* Products */;
			projectDirPath = "";
			projectRoot = "";
			targets = (
				06DC7E091E4C157300DE3E0A /* testJSPatch */,
				06DC7E221E4C157300DE3E0A /* testJSPatchTests */,
				06DC7E2D1E4C157300DE3E0A /* testJSPatchUITests */,
			);
		};
/* End PBXProject section */

/* Begin PBXResourcesBuildPhase section */
		06DC7E081E4C157300DE3E0A /* Resources */ = {
			isa = PBXResourcesBuildPhase;
			buildActionMask = 2147483647;
			files = (
				06DC7E1D1E4C157300DE3E0A /* LaunchScreen.storyboard in Resources */,
				06DC7E1A1E4C157300DE3E0A /* Assets.xcassets in Resources */,
				06DC7E181E4C157300DE3E0A /* Main.storyboard in Resources */,
			);
			runOnlyForDeploymentPostprocessing = 0;
		};
		06DC7E211E4C157300DE3E0A /* Resources */ = {
			isa = PBXResourcesBuildPhase;
			buildActionMask = 2147483647;
			files = (
			);
			runOnlyForDeploymentPostprocessing = 0;
		};
		06DC7E2C1E4C157300DE3E0A /* Resources */ = {
			isa = PBXResourcesBuildPhase;
			buildActionMask = 2147483647;
			files = (
			);
			runOnlyForDeploymentPostprocessing = 0;
		};
/* End PBXResourcesBuildPhase section */

/* Begin PBXSourcesBuildPhase section */
		06DC7E061E4C157300DE3E0A /* Sources */ = {
			isa = PBXSourcesBuildPhase;
			buildActionMask = 2147483647;
			files = (
				06DC7E151E4C157300DE3E0A /* ViewController.m in Sources */,
				06DC7E421E4C69C400DE3E0A /* NextViewController.m in Sources */,
				06DC7E121E4C157300DE3E0A /* AppDelegate.m in Sources */,
				06DC7E0F1E4C157300DE3E0A /* main.m in Sources */,
			);
			runOnlyForDeploymentPostprocessing = 0;
		};
		06DC7E1F1E4C157300DE3E0A /* Sources */ = {
			isa = PBXSourcesBuildPhase;
			buildActionMask = 2147483647;
			files = (
				06DC7E281E4C157300DE3E0A /* testJSPatchTests.m in Sources */,
			);
			runOnlyForDeploymentPostprocessing = 0;
		};
		06DC7E2A1E4C157300DE3E0A /* Sources */ = {
			isa = PBXSourcesBuildPhase;
			buildActionMask = 2147483647;
			files = (
				06DC7E331E4C157300DE3E0A /* testJSPatchUITests.m in Sources */,
			);
			runOnlyForDeploymentPostprocessing = 0;
		};
/* End PBXSourcesBuildPhase section */

/* Begin PBXTargetDependency section */
		06DC7E251E4C157300DE3E0A /* PBXTargetDependency */ = {
			isa = PBXTargetDependency;
			target = 06DC7E091E4C157300DE3E0A /* testJSPatch */;
			targetProxy = 06DC7E241E4C157300DE3E0A /* PBXContainerItemProxy */;
		};
		06DC7E301E4C157300DE3E0A /* PBXTargetDependency */ = {
			isa = PBXTargetDependency;
			target = 06DC7E091E4C157300DE3E0A /* testJSPatch */;
			targetProxy = 06DC7E2F1E4C157300DE3E0A /* PBXContainerItemProxy */;
		};
/* End PBXTargetDependency section */

/* Begin PBXVariantGroup section */
		06DC7E161E4C157300DE3E0A /* Main.storyboard */ = {
			isa = PBXVariantGroup;
			children = (
				06DC7E171E4C157300DE3E0A /* Base */,
			);
			name = Main.storyboard;
			sourceTree = "<group>";
		};
		06DC7E1B1E4C157300DE3E0A /* LaunchScreen.storyboard */ = {
			isa = PBXVariantGroup;
			children = (
				06DC7E1C1E4C157300DE3E0A /* Base */,
			);
			name = LaunchScreen.storyboard;
			sourceTree = "<group>";
		};
/* End PBXVariantGroup section */

/* Begin XCBuildConfiguration section */
		06DC7E351E4C157300DE3E0A /* Debug */ = {
			isa = XCBuildConfiguration;
			buildSettings = {
				ALWAYS_SEARCH_USER_PATHS = NO;
				CLANG_ANALYZER_NONNULL = YES;
				CLANG_CXX_LANGUAGE_STANDARD = "gnu++0x";
				CLANG_CXX_LIBRARY = "libc++";
				CLANG_ENABLE_MODULES = YES;
				CLANG_ENABLE_OBJC_ARC = YES;
				CLANG_WARN_BOOL_CONVERSION = YES;
				CLANG_WARN_CONSTANT_CONVERSION = YES;
				CLANG_WARN_DIRECT_OBJC_ISA_USAGE = YES_ERROR;
				CLANG_WARN_DOCUMENTATION_COMMENTS = YES;
				CLANG_WARN_EMPTY_BODY = YES;
				CLANG_WARN_ENUM_CONVERSION = YES;
				CLANG_WARN_INFINITE_RECURSION = YES;
				CLANG_WARN_INT_CONVERSION = YES;
				CLANG_WARN_OBJC_ROOT_CLASS = YES_ERROR;
				CLANG_WARN_SUSPICIOUS_MOVE = YES;
				CLANG_WARN_UNREACHABLE_CODE = YES;
				CLANG_WARN__DUPLICATE_METHOD_MATCH = YES;
				"CODE_SIGN_IDENTITY[sdk=iphoneos*]" = "iPhone Developer";
				COPY_PHASE_STRIP = NO;
				DEBUG_INFORMATION_FORMAT = dwarf;
				ENABLE_STRICT_OBJC_MSGSEND = YES;
				ENABLE_TESTABILITY = YES;
				GCC_C_LANGUAGE_STANDARD = gnu99;
				GCC_DYNAMIC_NO_PIC = NO;
				GCC_NO_COMMON_BLOCKS = YES;
				GCC_OPTIMIZATION_LEVEL = 0;
				GCC_PREPROCESSOR_DEFINITIONS = (
					"DEBUG=1",
					"$(inherited)",
				);
				GCC_WARN_64_TO_32_BIT_CONVERSION = YES;
				GCC_WARN_ABOUT_RETURN_TYPE = YES_ERROR;
				GCC_WARN_UNDECLARED_SELECTOR = YES;
				GCC_WARN_UNINITIALIZED_AUTOS = YES_AGGRESSIVE;
				GCC_WARN_UNUSED_FUNCTION = YES;
				GCC_WARN_UNUSED_VARIABLE = YES;
				IPHONEOS_DEPLOYMENT_TARGET = 10.2;
				MTL_ENABLE_DEBUG_INFO = YES;
				ONLY_ACTIVE_ARCH = YES;
				SDKROOT = iphoneos;
				TARGETED_DEVICE_FAMILY = "1,2";
			};
			name = Debug;
		};
		06DC7E361E4C157300DE3E0A /* Release */ = {
			isa = XCBuildConfiguration;
			buildSettings = {
				ALWAYS_SEARCH_USER_PATHS = NO;
				CLANG_ANALYZER_NONNULL = YES;
				CLANG_CXX_LANGUAGE_STANDARD = "gnu++0x";
				CLANG_CXX_LIBRARY = "libc++";
				CLANG_ENABLE_MODULES = YES;
				CLANG_ENABLE_OBJC_ARC = YES;
				CLANG_WARN_BOOL_CONVERSION = YES;
				CLANG_WARN_CONSTANT_CONVERSION = YES;
				CLANG_WARN_DIRECT_OBJC_ISA_USAGE = YES_ERROR;
				CLANG_WARN_DOCUMENTATION_COMMENTS = YES;
				CLANG_WARN_EMPTY_BODY = YES;
				CLANG_WARN_ENUM_CONVERSION = YES;
				CLANG_WARN_INFINITE_RECURSION = YES;
				CLANG_WARN_INT_CONVERSION = YES;
				CLANG_WARN_OBJC_ROOT_CLASS = YES_ERROR;
				CLANG_WARN_SUSPICIOUS_MOVE = YES;
				CLANG_WARN_UNREACHABLE_CODE = YES;
				CLANG_WARN__DUPLICATE_METHOD_MATCH = YES;
				"CODE_SIGN_IDENTITY[sdk=iphoneos*]" = "iPhone Developer";
				COPY_PHASE_STRIP = NO;
				DEBUG_INFORMATION_FORMAT = "dwarf-with-dsym";
				ENABLE_NS_ASSERTIONS = NO;
				ENABLE_STRICT_OBJC_MSGSEND = YES;
				GCC_C_LANGUAGE_STANDARD = gnu99;
				GCC_NO_COMMON_BLOCKS = YES;
				GCC_WARN_64_TO_32_BIT_CONVERSION = YES;
				GCC_WARN_ABOUT_RETURN_TYPE = YES_ERROR;
				GCC_WARN_UNDECLARED_SELECTOR = YES;
				GCC_WARN_UNINITIALIZED_AUTOS = YES_AGGRESSIVE;
				GCC_WARN_UNUSED_FUNCTION = YES;
				GCC_WARN_UNUSED_VARIABLE = YES;
				IPHONEOS_DEPLOYMENT_TARGET = 10.2;
				MTL_ENABLE_DEBUG_INFO = NO;
				SDKROOT = iphoneos;
				TARGETED_DEVICE_FAMILY = "1,2";
				VALIDATE_PRODUCT = YES;
			};
			name = Release;
		};
		06DC7E381E4C157300DE3E0A /* Debug */ = {
			isa = XCBuildConfiguration;
			buildSettings = {
				ASSETCATALOG_COMPILER_APPICON_NAME = AppIcon;
				DEVELOPMENT_TEAM = 6429YCE522;
				INFOPLIST_FILE = testJSPatch/Info.plist;
				LD_RUNPATH_SEARCH_PATHS = "$(inherited) @executable_path/Frameworks";
				PRODUCT_BUNDLE_IDENTIFIER = com.ishansong.testJSPatch;
				PRODUCT_NAME = "$(TARGET_NAME)";
			};
			name = Debug;
		};
		06DC7E391E4C157300DE3E0A /* Release */ = {
			isa = XCBuildConfiguration;
			buildSettings = {
				ASSETCATALOG_COMPILER_APPICON_NAME = AppIcon;
				DEVELOPMENT_TEAM = 6429YCE522;
				INFOPLIST_FILE = testJSPatch/Info.plist;
				LD_RUNPATH_SEARCH_PATHS = "$(inherited) @executable_path/Frameworks";
				PRODUCT_BUNDLE_IDENTIFIER = com.ishansong.testJSPatch;
				PRODUCT_NAME = "$(TARGET_NAME)";
			};
			name = Release;
		};
		06DC7E3B1E4C157300DE3E0A /* Debug */ = {
			isa = XCBuildConfiguration;
			buildSettings = {
				BUNDLE_LOADER = "$(TEST_HOST)";
				DEVELOPMENT_TEAM = 6429YCE522;
				INFOPLIST_FILE = testJSPatchTests/Info.plist;
				LD_RUNPATH_SEARCH_PATHS = "$(inherited) @executable_path/Frameworks @loader_path/Frameworks";
				PRODUCT_BUNDLE_IDENTIFIER = com.ishansong.testJSPatchTests;
				PRODUCT_NAME = "$(TARGET_NAME)";
				TEST_HOST = "$(BUILT_PRODUCTS_DIR)/testJSPatch.app/testJSPatch";
			};
			name = Debug;
		};
		06DC7E3C1E4C157300DE3E0A /* Release */ = {
			isa = XCBuildConfiguration;
			buildSettings = {
				BUNDLE_LOADER = "$(TEST_HOST)";
				DEVELOPMENT_TEAM = 6429YCE522;
				INFOPLIST_FILE = testJSPatchTests/Info.plist;
				LD_RUNPATH_SEARCH_PATHS = "$(inherited) @executable_path/Frameworks @loader_path/Frameworks";
				PRODUCT_BUNDLE_IDENTIFIER = com.ishansong.testJSPatchTests;
				PRODUCT_NAME = "$(TARGET_NAME)";
				TEST_HOST = "$(BUILT_PRODUCTS_DIR)/testJSPatch.app/testJSPatch";
			};
			name = Release;
		};
		06DC7E3E1E4C157300DE3E0A /* Debug */ = {
			isa = XCBuildConfiguration;
			buildSettings = {
				DEVELOPMENT_TEAM = 6429YCE522;
				INFOPLIST_FILE = testJSPatchUITests/Info.plist;
				LD_RUNPATH_SEARCH_PATHS = "$(inherited) @executable_path/Frameworks @loader_path/Frameworks";
				PRODUCT_BUNDLE_IDENTIFIER = com.ishansong.testJSPatchUITests;
				PRODUCT_NAME = "$(TARGET_NAME)";
				TEST_TARGET_NAME = testJSPatch;
			};
			name = Debug;
		};
		06DC7E3F1E4C157300DE3E0A /* Release */ = {
			isa = XCBuildConfiguration;
			buildSettings = {
				DEVELOPMENT_TEAM = 6429YCE522;
				INFOPLIST_FILE = testJSPatchUITests/Info.plist;
				LD_RUNPATH_SEARCH_PATHS = "$(inherited) @executable_path/Frameworks @loader_path/Frameworks";
				PRODUCT_BUNDLE_IDENTIFIER = com.ishansong.testJSPatchUITests;
				PRODUCT_NAME = "$(TARGET_NAME)";
				TEST_TARGET_NAME = testJSPatch;
			};
			name = Release;
		};
/* End XCBuildConfiguration section */

/* Begin XCConfigurationList section */
		06DC7E051E4C157300DE3E0A /* Build configuration list for PBXProject "testJSPatch" */ = {
			isa = XCConfigurationList;
			buildConfigurations = (
				06DC7E351E4C157300DE3E0A /* Debug */,
				06DC7E361E4C157300DE3E0A /* Release */,
			);
			defaultConfigurationIsVisible = 0;
			defaultConfigurationName = Release;
		};
		06DC7E371E4C157300DE3E0A /* Build configuration list for PBXNativeTarget "testJSPatch" */ = {
			isa = XCConfigurationList;
			buildConfigurations = (
				06DC7E381E4C157300DE3E0A /* Debug */,
				06DC7E391E4C157300DE3E0A /* Release */,
			);
			defaultConfigurationIsVisible = 0;
		};
		06DC7E3A1E4C157300DE3E0A /* Build configuration list for PBXNativeTarget "testJSPatchTests" */ = {
			isa = XCConfigurationList;
			buildConfigurations = (
				06DC7E3B1E4C157300DE3E0A /* Debug */,
				06DC7E3C1E4C157300DE3E0A /* Release */,
			);
			defaultConfigurationIsVisible = 0;
		};
		06DC7E3D1E4C157300DE3E0A /* Build configuration list for PBXNativeTarget "testJSPatchUITests" */ = {
			isa = XCConfigurationList;
			buildConfigurations = (
				06DC7E3E1E4C157300DE3E0A /* Debug */,
				06DC7E3F1E4C157300DE3E0A /* Release */,
			);
			defaultConfigurationIsVisible = 0;
		};
/* End XCConfigurationList section */
	};
	rootObject = 06DC7E021E4C157300DE3E0A /* Project object */;
}
